// !$*UTF8*$!
{
	archiveVersion = 1;
	classes = {
	};
	objectVersion = 70;
	objects = {

/* Begin PBXBuildFile section */
		401C9917302CA09F008584B4 /* Assets.xcassets in Resources */ = {isa = PBXBuildFile; fileRef = 401C9914302CA09F008584B4 /* Assets.xcassets */; };
		401C9A4F302CA68A008584B4 /* Pretendard-Bold.otf in Resources */ = {isa = PBXBuildFile; fileRef = 401C9A47302CA68A008584B4 /* Pretendard-Bold.otf */; };
		401C9A50302CA68A008584B4 /* Pretendard-Thin.otf in Resources */ = {isa = PBXBuildFile; fileRef = 401C9A4E302CA68A008584B4 /* Pretendard-Thin.otf */; };
		401C9A51302CA68A008584B4 /* Pretendard-Medium.otf in Resources */ = {isa = PBXBuildFile; fileRef = 401C9A4B302CA68A008584B4 /* Pretendard-Medium.otf */; };
		401C9A52302CA68A008584B4 /* Pretendard-Regular.otf in Resources */ = {isa = PBXBuildFile; fileRef = 401C9A4C302CA68A008584B4 /* Pretendard-Regular.otf */; };
		401C9A53302CA68A008584B4 /* Pretendard-SemiBold.otf in Resources */ = {isa = PBXBuildFile; fileRef = 401C9A4D302CA68A008584B4 /* Pretendard-SemiBold.otf */; };
		401C9A54302CA68A008584B4 /* Pretendard-Black.otf in Resources */ = {isa = PBXBuildFile; fileRef = 401C9A46302CA68A008584B4 /* Pretendard-Black.otf */; };
		401C9A55302CA68A008584B4 /* Pretendard-ExtraBold.otf in Resources */ = {isa = PBXBuildFile; fileRef = 401C9A48302CA68A008584B4 /* Pretendard-ExtraBold.otf */; };
		401C9A56302CA68A008584B4 /* Pretendard-ExtraLight.otf in Resources */ = {isa = PBXBuildFile; fileRef = 401C9A49302CA68A008584B4 /* Pretendard-ExtraLight.otf */; };
		401C9A57302CA68A008584B4 /* Pretendard-Light.otf in Resources */ = {isa = PBXBuildFile; fileRef = 401C9A4A302CA68A008584B4 /* Pretendard-Light.otf */; };
		401C9A58302CA68A008584B4 /* Extension.swift in Sources */ = {isa = PBXBuildFile; fileRef = 401C9A45302CA68A008584B4 /* Extension.swift */; };
/* End PBXBuildFile section */

/* Begin PBXFileReference section */
		401C9914302CA09F008584B4 /* Assets.xcassets */ = {isa = PBXFileReference; lastKnownFileType = folder.assetcatalog; path = Assets.xcassets; sourceTree = "<group>"; };
		401C9A45302CA68A008584B4 /* Extension.swift */ = {isa = PBXFileReference; lastKnownFileType = sourcecode.swift; path = Extension.swift; sourceTree = "<group>"; };
		401C9A46302CA68A008584B4 /* Pretendard-Black.otf */ = {isa = PBXFileReference; lastKnownFileType = file; path = "Pretendard-Black.otf"; sourceTree = "<group>"; };
		401C9A47302CA68A008584B4 /* Pretendard-Bold.otf */ = {isa = PBXFileReference; lastKnownFileType = file; path = "Pretendard-Bold.otf"; sourceTree = "<group>"; };
		401C9A48302CA68A008584B4 /* Pretendard-ExtraBold.otf */ = {isa = PBXFileReference; lastKnownFileType = file; path = "Pretendard-ExtraBold.otf"; sourceTree = "<group>"; };
		401C9A49302CA68A008584B4 /* Pretendard-ExtraLight.otf */ = {isa = PBXFileReference; lastKnownFileType = file; path = "Pretendard-ExtraLight.otf"; sourceTree = "<group>"; };
		401C9A4A302CA68A008584B4 /* Pretendard-Light.otf */ = {isa = PBXFileReference; lastKnownFileType = file; path = "Pretendard-Light.otf"; sourceTree = "<group>"; };
		401C9A4B302CA68A008584B4 /* Pretendard-Medium.otf */ = {isa = PBXFileReference; lastKnownFileType = file; path = "Pretendard-Medium.otf"; sourceTree = "<group>"; };
		401C9A4C302CA68A008584B4 /* Pretendard-Regular.otf */ = {isa = PBXFileReference; lastKnownFileType = file; path = "Pretendard-Regular.otf"; sourceTree = "<group>"; };
		401C9A4D302CA68A008584B4 /* Pretendard-SemiBold.otf */ = {isa = PBXFileReference; lastKnownFileType = file; path = "Pretendard-SemiBold.otf"; sourceTree = "<group>"; };
		401C9A4E302CA68A008584B4 /* Pretendard-Thin.otf */ = {isa = PBXFileReference; lastKnownFileType = file; path = "Pretendard-Thin.otf"; sourceTree = "<group>"; };
		A10000000000000000000001 /* ExtremeFoodShot.app */ = {isa = PBXFileReference; explicitFileType = wrapper.application; includeInIndex = 0; path = ExtremeFoodShot.app; sourceTree = BUILT_PRODUCTS_DIR; };
/* End PBXFileReference section */

/* Begin PBXFileSystemSynchronizedRootGroup section */
		A10000000000000000000002 /* ExtremeFoodShot */ = {isa = PBXFileSystemSynchronizedRootGroup; explicitFileTypes = {}; explicitFolders = (); path = ExtremeFoodShot; sourceTree = "<group>"; };
/* End PBXFileSystemSynchronizedRootGroup section */

/* Begin PBXFrameworksBuildPhase section */
		A10000000000000000000003 /* Frameworks */ = {
			isa = PBXFrameworksBuildPhase;
			buildActionMask = 2147483647;
			files = (
			);
			runOnlyForDeploymentPostprocessing = 0;
		};
/* End PBXFrameworksBuildPhase section */

/* Begin PBXGroup section */
		401C9A59302CA68D008584B4 /* Resource */ = {
			isa = PBXGroup;
			children = (
				401C9914302CA09F008584B4 /* Assets.xcassets */,
				401C9A45302CA68A008584B4 /* Extension.swift */,
				401C9A46302CA68A008584B4 /* Pretendard-Black.otf */,
				401C9A47302CA68A008584B4 /* Pretendard-Bold.otf */,
				401C9A48302CA68A008584B4 /* Pretendard-ExtraBold.otf */,
				401C9A49302CA68A008584B4 /* Pretendard-ExtraLight.otf */,
				401C9A4A302CA68A008584B4 /* Pretendard-Light.otf */,
				401C9A4B302CA68A008584B4 /* Pretendard-Medium.otf */,
				401C9A4C302CA68A008584B4 /* Pretendard-Regular.otf */,
				401C9A4D302CA68A008584B4 /* Pretendard-SemiBold.otf */,
				401C9A4E302CA68A008584B4 /* Pretendard-Thin.otf */,
			);
			path = Resource;
			sourceTree = "<group>";
		};
		A10000000000000000000004 = {
			isa = PBXGroup;
			children = (
				A10000000000000000000002 /* ExtremeFoodShot */,
				A10000000000000000000005 /* Products */,
				401C9A59302CA68D008584B4 /* Resource */,
			);
			sourceTree = "<group>";
		};
		A10000000000000000000005 /* Products */ = {
			isa = PBXGroup;
			children = (
				A10000000000000000000001 /* ExtremeFoodShot.app */,
			);
			name = Products;
			sourceTree = "<group>";
		};
/* End PBXGroup section */

/* Begin PBXNativeTarget section */
		A10000000000000000000006 /* ExtremeFoodShot */ = {
			isa = PBXNativeTarget;
			buildConfigurationList = A10000000000000000000007 /* Build configuration list for PBXNativeTarget "ExtremeFoodShot" */;
			buildPhases = (
				A10000000000000000000008 /* Sources */,
				A10000000000000000000003 /* Frameworks */,
				A10000000000000000000009 /* Resources */,
			);
			buildRules = (
			);
			dependencies = (
			);
			fileSystemSynchronizedGroups = (
				A10000000000000000000002 /* ExtremeFoodShot */,
			);
			name = ExtremeFoodShot;
			packageProductDependencies = (
			);
			productName = ExtremeFoodShot;
			productReference = A10000000000000000000001 /* ExtremeFoodShot.app */;
			productType = "com.apple.product-type.application";
		};
/* End PBXNativeTarget section */

/* Begin PBXProject section */
		A1000000000000000000000A /* Project object */ = {
			isa = PBXProject;
			attributes = {
				BuildIndependentTargetsInParallel = 1;
				LastSwiftUpdateCheck = 2600;
				LastUpgradeCheck = 2600;
				TargetAttributes = {
					A10000000000000000000006 = {
						CreatedOnToolsVersion = 26.0;
					};
				};
			};
			buildConfigurationList = A1000000000000000000000B /* Build configuration list for PBXProject "ExtremeFoodShot" */;
			compatibilityVersion = "Xcode 14.0";
			developmentRegion = en;
			hasScannedForEncodings = 0;
			knownRegions = (
				en,
				Base,
			);
			mainGroup = A10000000000000000000004;
			productRefGroup = A10000000000000000000005 /* Products */;
			projectDirPath = "";
			projectRoot = "";
			targets = (
				A10000000000000000000006 /* ExtremeFoodShot */,
			);
		};
/* End PBXProject section */

/* Begin PBXResourcesBuildPhase section */
		A10000000000000000000009 /* Resources */ = {
			isa = PBXResourcesBuildPhase;
			buildActionMask = 2147483647;
			files = (
				401C9A4F302CA68A008584B4 /* Pretendard-Bold.otf in Resources */,
				401C9A50302CA68A008584B4 /* Pretendard-Thin.otf in Resources */,
				401C9A51302CA68A008584B4 /* Pretendard-Medium.otf in Resources */,
				401C9A52302CA68A008584B4 /* Pretendard-Regular.otf in Resources */,
				401C9A53302CA68A008584B4 /* Pretendard-SemiBold.otf in Resources */,
				401C9A54302CA68A008584B4 /* Pretendard-Black.otf in Resources */,
				401C9A55302CA68A008584B4 /* Pretendard-ExtraBold.otf in Resources */,
				401C9A56302CA68A008584B4 /* Pretendard-ExtraLight.otf in Resources */,
				401C9A57302CA68A008584B4 /* Pretendard-Light.otf in Resources */,
				401C9917302CA09F008584B4 /* Assets.xcassets in Resources */,
			);
			runOnlyForDeploymentPostprocessing = 0;
		};
/* End PBXResourcesBuildPhase section */

/* Begin PBXSourcesBuildPhase section */
		A10000000000000000000008 /* Sources */ = {
			isa = PBXSourcesBuildPhase;
			buildActionMask = 2147483647;
			files = (
				401C9A58302CA68A008584B4 /* Extension.swift in Sources */,
			);
			runOnlyForDeploymentPostprocessing = 0;
		};
/* End PBXSourcesBuildPhase section */

/* Begin XCBuildConfiguration section */
		A1000000000000000000000C /* Debug */ = {
			isa = XCBuildConfiguration;
			buildSettings = {
				ALWAYS_SEARCH_USER_PATHS = NO;
				CLANG_ENABLE_MODULES = YES;
				CLANG_ENABLE_OBJC_ARC = YES;
				COPY_PHASE_STRIP = NO;
				DEBUG_INFORMATION_FORMAT = dwarf;
				ENABLE_TESTABILITY = YES;
				GCC_C_LANGUAGE_STANDARD = gnu17;
				GCC_OPTIMIZATION_LEVEL = 0;
				ONLY_ACTIVE_ARCH = YES;
				SDKROOT = iphoneos;
				SWIFT_ACTIVE_COMPILATION_CONDITIONS = "DEBUG $(inherited)";
				SWIFT_OPTIMIZATION_LEVEL = "-Onone";
			};
			name = Debug;
		};
		A1000000000000000000000D /* Release */ = {
			isa = XCBuildConfiguration;
			buildSettings = {
				ALWAYS_SEARCH_USER_PATHS = NO;
				CLANG_ENABLE_MODULES = YES;
				CLANG_ENABLE_OBJC_ARC = YES;
				COPY_PHASE_STRIP = NO;
				DEBUG_INFORMATION_FORMAT = "dwarf-with-dsym";
				ENABLE_NS_ASSERTIONS = NO;
				GCC_C_LANGUAGE_STANDARD = gnu17;
				SDKROOT = iphoneos;
				SWIFT_COMPILATION_MODE = wholemodule;
			};
			name = Release;
		};
		A1000000000000000000000E /* Debug */ = {
			isa = XCBuildConfiguration;
			buildSettings = {
				ASSETCATALOG_COMPILER_APPICON_NAME = AppIcon;
				ASSETCATALOG_COMPILER_GLOBAL_ACCENT_COLOR_NAME = AccentColor;
				CODE_SIGN_STYLE = Automatic;
				CURRENT_PROJECT_VERSION = 1;
				DEVELOPMENT_TEAM = KF28DDXC26;
				GENERATE_INFOPLIST_FILE = YES;
				INFOPLIST_KEY_CFBundleDisplayName = FOCHAK;
				INFOPLIST_KEY_LSApplicationCategoryType = "public.app-category.photography";
				INFOPLIST_KEY_NSCameraUsageDescription = "역동적인 음식 사진을 촬영하기 위해 카메라를 사용합니다.";
				INFOPLIST_KEY_NSMotionUsageDescription = "촬영 순간을 판단하기 위해 기기의 움직임을 분석합니다.";
				INFOPLIST_KEY_NSPhotoLibraryAddUsageDescription = "선택한 촬영 결과를 사진 앱에 저장합니다.";
				INFOPLIST_KEY_UIApplicationSceneManifest_Generation = YES;
				INFOPLIST_KEY_UIApplicationSupportsIndirectInputEvents = YES;
				INFOPLIST_KEY_UILaunchScreen_Generation = YES;
				IPHONEOS_DEPLOYMENT_TARGET = 26.0;
				LD_RUNPATH_SEARCH_PATHS = (
					"$(inherited)",
					"@executable_path/Frameworks",
				);
				MARKETING_VERSION = 1.0;
				PRODUCT_BUNDLE_IDENTIFIER = com.s2vene.ExtremeFoodShot;
				PRODUCT_NAME = "$(TARGET_NAME)";
				SWIFT_EMIT_LOC_STRINGS = YES;
				SWIFT_VERSION = 5.0;
				TARGETED_DEVICE_FAMILY = 1;
			};
			name = Debug;
		};
		A1000000000000000000000F /* Release */ = {
			isa = XCBuildConfiguration;
			buildSettings = {
				ASSETCATALOG_COMPILER_APPICON_NAME = AppIcon;
				ASSETCATALOG_COMPILER_GLOBAL_ACCENT_COLOR_NAME = AccentColor;
				CODE_SIGN_STYLE = Automatic;
				CURRENT_PROJECT_VERSION = 1;
				DEVELOPMENT_TEAM = KF28DDXC26;
				GENERATE_INFOPLIST_FILE = YES;
				INFOPLIST_KEY_CFBundleDisplayName = FOCHAK;
				INFOPLIST_KEY_LSApplicationCategoryType = "public.app-category.photography";
				INFOPLIST_KEY_NSCameraUsageDescription = "역동적인 음식 사진을 촬영하기 위해 카메라를 사용합니다.";
				INFOPLIST_KEY_NSMotionUsageDescription = "촬영 순간을 판단하기 위해 기기의 움직임을 분석합니다.";
				INFOPLIST_KEY_NSPhotoLibraryAddUsageDescription = "선택한 촬영 결과를 사진 앱에 저장합니다.";
				INFOPLIST_KEY_UIApplicationSceneManifest_Generation = YES;
				INFOPLIST_KEY_UIApplicationSupportsIndirectInputEvents = YES;
				INFOPLIST_KEY_UILaunchScreen_Generation = YES;
				IPHONEOS_DEPLOYMENT_TARGET = 26.0;
				LD_RUNPATH_SEARCH_PATHS = (
					"$(inherited)",
					"@executable_path/Frameworks",
				);
				MARKETING_VERSION = 1.0;
				PRODUCT_BUNDLE_IDENTIFIER = com.s2vene.ExtremeFoodShot;
				PRODUCT_NAME = "$(TARGET_NAME)";
				SWIFT_EMIT_LOC_STRINGS = YES;
				SWIFT_VERSION = 5.0;
				TARGETED_DEVICE_FAMILY = 1;
			};
			name = Release;
		};
/* End XCBuildConfiguration section */

/* Begin XCConfigurationList section */
		A10000000000000000000007 /* Build configuration list for PBXNativeTarget "ExtremeFoodShot" */ = {
			isa = XCConfigurationList;
			buildConfigurations = (
				A1000000000000000000000E /* Debug */,
				A1000000000000000000000F /* Release */,
			);
			defaultConfigurationIsVisible = 0;
			defaultConfigurationName = Release;
		};
		A1000000000000000000000B /* Build configuration list for PBXProject "ExtremeFoodShot" */ = {
			isa = XCConfigurationList;
			buildConfigurations = (
				A1000000000000000000000C /* Debug */,
				A1000000000000000000000D /* Release */,
			);
			defaultConfigurationIsVisible = 0;
			defaultConfigurationName = Release;
		};
/* End XCConfigurationList section */
	};
	rootObject = A1000000000000000000000A /* Project object */;
}
